// !$*UTF8*$!
{
	archiveVersion = 1;
	classes = {
	};
	objectVersion = 56;
	objects = {

/* Begin PBXBuildFile section */
		092EE91F2B969247005AB56C /* AppDelegate.swift in Sources */ = {isa = PBXBuildFile; fileRef = 092EE91E2B969247005AB56C /* AppDelegate.swift */; };
		092EE9212B969247005AB56C /* SceneDelegate.swift in Sources */ = {isa = PBXBuildFile; fileRef = 092EE9202B969247005AB56C /* SceneDelegate.swift */; };
		092EE9232B969247005AB56C /* ViewController.swift in Sources */ = {isa = PBXBuildFile; fileRef = 092EE9222B969247005AB56C /* ViewController.swift */; };
		092EE9262B969247005AB56C /* Main.storyboard in Resources */ = {isa = PBXBuildFile; fileRef = 092EE9242B969247005AB56C /* Main.storyboard */; };
		092EE9282B969248005AB56C /* Assets.xcassets in Resources */ = {isa = PBXBuildFile; fileRef = 092EE9272B969248005AB56C /* Assets.xcassets */; };
		092EE92B2B969248005AB56C /* LaunchScreen.storyboard in Resources */ = {isa = PBXBuildFile; fileRef = 092EE9292B969248005AB56C /* LaunchScreen.storyboard */; };
		092EE9352B9693AB005AB56C /* demo in Resources */ = {isa = PBXBuildFile; fileRef = 092EE9342B9693AB005AB56C /* demo */; };
		092EE9382B9693B6005AB56C /* MetaDatas.swift in Sources */ = {isa = PBXBuildFile; fileRef = 092EE9372B9693B6005AB56C /* MetaDatas.swift */; };
		55EB1B1D364F134766F38DB2 /* Pods_AsyncInterface.framework in Frameworks */ = {isa = PBXBuildFile; fileRef = 8C04F6A674592499CD315193 /* Pods_AsyncInterface.framework */; };
/* End PBXBuildFile section */

/* Begin PBXFileReference section */
		092EE91B2B969247005AB56C /* AsyncInterface.app */ = {isa = PBXFileReference; explicitFileType = wrapper.application; includeInIndex = 0; path = AsyncInterface.app; sourceTree = BUILT_PRODUCTS_DIR; };
		092EE91E2B969247005AB56C /* AppDelegate.swift */ = {isa = PBXFileReference; lastKnownFileType = sourcecode.swift; path = AppDelegate.swift; sourceTree = "<group>"; };
		092EE9202B969247005AB56C /* SceneDelegate.swift */ = {isa = PBXFileReference; lastKnownFileType = sourcecode.swift; path = SceneDelegate.swift; sourceTree = "<group>"; };
		092EE9222B969247005AB56C /* ViewController.swift */ = {isa = PBXFileReference; lastKnownFileType = sourcecode.swift; path = ViewController.swift; sourceTree = "<group>"; };
		092EE9252B969247005AB56C /* Base */ = {isa = PBXFileReference; lastKnownFileType = file.storyboard; name = Base; path = Base.lproj/Main.storyboard; sourceTree = "<group>"; };
		092EE9272B969248005AB56C /* Assets.xcassets */ = {isa = PBXFileReference; lastKnownFileType = folder.assetcatalog; path = Assets.xcassets; sourceTree = "<group>"; };
		092EE92A2B969248005AB56C /* Base */ = {isa = PBXFileReference; lastKnownFileType = file.storyboard; name = Base; path = Base.lproj/LaunchScreen.storyboard; sourceTree = "<group>"; };
		092EE92C2B969248005AB56C /* Info.plist */ = {isa = PBXFileReference; lastKnownFileType = text.plist.xml; path = Info.plist; sourceTree = "<group>"; };
		092EE9342B9693AB005AB56C /* demo */ = {isa = PBXFileReference; lastKnownFileType = folder; path = demo; sourceTree = "<group>"; };
		092EE9372B9693B6005AB56C /* MetaDatas.swift */ = {isa = PBXFileReference; fileEncoding = 4; lastKnownFileType = sourcecode.swift; path = MetaDatas.swift; sourceTree = "<group>"; };
		550D322CE9F0FC6EC6B2C3F0 /* Pods-AsyncInterface.debug.xcconfig */ = {isa = PBXFileReference; includeInIndex = 1; lastKnownFileType = text.xcconfig; name = "Pods-AsyncInterface.debug.xcconfig"; path = "Target Support Files/Pods-AsyncInterface/Pods-AsyncInterface.debug.xcconfig"; sourceTree = "<group>"; };
		8C04F6A674592499CD315193 /* Pods_AsyncInterface.framework */ = {isa = PBXFileReference; explicitFileType = wrapper.framework; includeInIndex = 0; path = Pods_AsyncInterface.framework; sourceTree = BUILT_PRODUCTS_DIR; };
		A66E5711EEFA9E54776DE5EF /* Pods-AsyncInterface.release.xcconfig */ = {isa = PBXFileReference; includeInIndex = 1; lastKnownFileType = text.xcconfig; name = "Pods-AsyncInterface.release.xcconfig"; path = "Target Support Files/Pods-AsyncInterface/Pods-AsyncInterface.release.xcconfig"; sourceTree = "<group>"; };
/* End PBXFileReference section */

/* Begin PBXFrameworksBuildPhase section */
		092EE9182B969247005AB56C /* Frameworks */ = {
			isa = PBXFrameworksBuildPhase;
			buildActionMask = 2147483647;
			files = (
				55EB1B1D364F134766F38DB2 /* Pods_AsyncInterface.framework in Frameworks */,
			);
			runOnlyForDeploymentPostprocessing = 0;
		};
/* End PBXFrameworksBuildPhase section */

/* Begin PBXGroup section */
		092EE9122B969247005AB56C = {
			isa = PBXGroup;
			children = (
				092EE91D2B969247005AB56C /* AsyncInterface */,
				092EE91C2B969247005AB56C /* Products */,
				814F8AD9BA28294400D18A46 /* Pods */,
				990D6B4EA7E784367B2B4680 /* Frameworks */,
			);
			sourceTree = "<group>";
		};
		092EE91C2B969247005AB56C /* Products */ = {
			isa = PBXGroup;
			children = (
				092EE91B2B969247005AB56C /* AsyncInterface.app */,
			);
			name = Products;
			sourceTree = "<group>";
		};
		092EE91D2B969247005AB56C /* AsyncInterface */ = {
			isa = PBXGroup;
			children = (
				092EE9362B9693B6005AB56C /* Common */,
				092EE9342B9693AB005AB56C /* demo */,
				092EE91E2B969247005AB56C /* AppDelegate.swift */,
				092EE9202B969247005AB56C /* SceneDelegate.swift */,
				092EE9222B969247005AB56C /* ViewController.swift */,
				092EE9242B969247005AB56C /* Main.storyboard */,
				092EE9272B969248005AB56C /* Assets.xcassets */,
				092EE9292B969248005AB56C /* LaunchScreen.storyboard */,
				092EE92C2B969248005AB56C /* Info.plist */,
			);
			path = AsyncInterface;
			sourceTree = "<group>";
		};
		092EE9362B9693B6005AB56C /* Common */ = {
			isa = PBXGroup;
			children = (
				092EE9372B9693B6005AB56C /* MetaDatas.swift */,
			);
			path = Common;
			sourceTree = "<group>";
		};
		814F8AD9BA28294400D18A46 /* Pods */ = {
			isa = PBXGroup;
			children = (
				550D322CE9F0FC6EC6B2C3F0 /* Pods-AsyncInterface.debug.xcconfig */,
				A66E5711EEFA9E54776DE5EF /* Pods-AsyncInterface.release.xcconfig */,
			);
			path = Pods;
			sourceTree = "<group>";
		};
		990D6B4EA7E784367B2B4680 /* Frameworks */ = {
			isa = PBXGroup;
			children = (
				8C04F6A674592499CD315193 /* Pods_AsyncInterface.framework */,
			);
			name = Frameworks;
			sourceTree = "<group>";
		};
/* End PBXGroup section */

/* Begin PBXNativeTarget section */
		092EE91A2B969247005AB56C /* AsyncInterface */ = {
			isa = PBXNativeTarget;
			buildConfigurationList = 092EE92F2B969248005AB56C /* Build configuration list for PBXNativeTarget "AsyncInterface" */;
			buildPhases = (
				019D356B316C77FAC24F4DA5 /* [CP] Check Pods Manifest.lock */,
				092EE9172B969247005AB56C /* Sources */,
				092EE9182B969247005AB56C /* Frameworks */,
				092EE9192B969247005AB56C /* Resources */,
				C28FBE99602749265B75F1B8 /* [CP] Embed Pods Frameworks */,
			);
			buildRules = (
			);
			dependencies = (
			);
			name = AsyncInterface;
			productName = AsyncInterface;
			productReference = 092EE91B2B969247005AB56C /* AsyncInterface.app */;
			productType = "com.apple.product-type.application";
		};
/* End PBXNativeTarget section */

/* Begin PBXProject section */
		092EE9132B969247005AB56C /* Project object */ = {
			isa = PBXProject;
			attributes = {
				BuildIndependentTargetsInParallel = 1;
				LastSwiftUpdateCheck = 1500;
				LastUpgradeCheck = 1500;
				TargetAttributes = {
					092EE91A2B969247005AB56C = {
						CreatedOnToolsVersion = 15.0;
					};
				};
			};
			buildConfigurationList = 092EE9162B969247005AB56C /* Build configuration list for PBXProject "AsyncInterface" */;
			compatibilityVersion = "Xcode 14.0";
			developmentRegion = en;
			hasScannedForEncodings = 0;
			knownRegions = (
				en,
				Base,
			);
			mainGroup = 092EE9122B969247005AB56C;
			productRefGroup = 092EE91C2B969247005AB56C /* Products */;
			projectDirPath = "";
			projectRoot = "";
			targets = (
				092EE91A2B969247005AB56C /* AsyncInterface */,
			);
		};
/* End PBXProject section */

/* Begin PBXResourcesBuildPhase section */
		092EE9192B969247005AB56C /* Resources */ = {
			isa = PBXResourcesBuildPhase;
			buildActionMask = 2147483647;
			files = (
				092EE92B2B969248005AB56C /* LaunchScreen.storyboard in Resources */,
				092EE9352B9693AB005AB56C /* demo in Resources */,
				092EE9282B969248005AB56C /* Assets.xcassets in Resources */,
				092EE9262B969247005AB56C /* Main.storyboard in Resources */,
			);
			runOnlyForDeploymentPostprocessing = 0;
		};
/* End PBXResourcesBuildPhase section */

/* Begin PBXShellScriptBuildPhase section */
		019D356B316C77FAC24F4DA5 /* [CP] Check Pods Manifest.lock */ = {
			isa = PBXShellScriptBuildPhase;
			buildActionMask = 2147483647;
			files = (
			);
			inputFileListPaths = (
			);
			inputPaths = (
				"${PODS_PODFILE_DIR_PATH}/Podfile.lock",
				"${PODS_ROOT}/Manifest.lock",
			);
			name = "[CP] Check Pods Manifest.lock";
			outputFileListPaths = (
			);
			outputPaths = (
				"$(DERIVED_FILE_DIR)/Pods-AsyncInterface-checkManifestLockResult.txt",
			);
			runOnlyForDeploymentPostprocessing = 0;
			shellPath = /bin/sh;
			shellScript = "diff \"${PODS_PODFILE_DIR_PATH}/Podfile.lock\" \"${PODS_ROOT}/Manifest.lock\" > /dev/null\nif [ $? != 0 ] ; then\n    # print error to STDERR\n    echo \"error: The sandbox is not in sync with the Podfile.lock. Run 'pod install' or update your CocoaPods installation.\" >&2\n    exit 1\nfi\n# This output is used by Xcode 'outputs' to avoid re-running this script phase.\necho \"SUCCESS\" > \"${SCRIPT_OUTPUT_FILE_0}\"\n";
			showEnvVarsInLog = 0;
		};
		C28FBE99602749265B75F1B8 /* [CP] Embed Pods Frameworks */ = {
			isa = PBXShellScriptBuildPhase;
			buildActionMask = 2147483647;
			files = (
			);
			inputFileListPaths = (
				"${PODS_ROOT}/Target Support Files/Pods-AsyncInterface/Pods-AsyncInterface-frameworks-${CONFIGURATION}-input-files.xcfilelist",
			);
			name = "[CP] Embed Pods Frameworks";
			outputFileListPaths = (
				"${PODS_ROOT}/Target Support Files/Pods-AsyncInterface/Pods-AsyncInterface-frameworks-${CONFIGURATION}-output-files.xcfilelist",
			);
			runOnlyForDeploymentPostprocessing = 0;
			shellPath = /bin/sh;
			shellScript = "\"${PODS_ROOT}/Target Support Files/Pods-AsyncInterface/Pods-AsyncInterface-frameworks.sh\"\n";
			showEnvVarsInLog = 0;
		};
/* End PBXShellScriptBuildPhase section */

/* Begin PBXSourcesBuildPhase section */
		092EE9172B969247005AB56C /* Sources */ = {
			isa = PBXSourcesBuildPhase;
			buildActionMask = 2147483647;
			files = (
				092EE9232B969247005AB56C /* ViewController.swift in Sources */,
				092EE91F2B969247005AB56C /* AppDelegate.swift in Sources */,
				092EE9382B9693B6005AB56C /* MetaDatas.swift in Sources */,
				092EE9212B969247005AB56C /* SceneDelegate.swift in Sources */,
			);
			runOnlyForDeploymentPostprocessing = 0;
		};
/* End PBXSourcesBuildPhase section */

/* Begin PBXVariantGroup section */
		092EE9242B969247005AB56C /* Main.storyboard */ = {
			isa = PBXVariantGroup;
			children = (
				092EE9252B969247005AB56C /* Base */,
			);
			name = Main.storyboard;
			sourceTree = "<group>";
		};
		092EE9292B969248005AB56C /* LaunchScreen.storyboard */ = {
			isa = PBXVariantGroup;
			children = (
				092EE92A2B969248005AB56C /* Base */,
			);
			name = LaunchScreen.storyboard;
			sourceTree = "<group>";
		};
/* End PBXVariantGroup section */

/* Begin XCBuildConfiguration section */
		092EE92D2B969248005AB56C /* Debug */ = {
			isa = XCBuildConfiguration;
			buildSettings = {
				ALWAYS_SEARCH_USER_PATHS = NO;
				ASSETCATALOG_COMPILER_GENERATE_SWIFT_ASSET_SYMBOL_EXTENSIONS = YES;
				CLANG_ANALYZER_NONNULL = YES;
				CLANG_ANALYZER_NUMBER_OBJECT_CONVERSION = YES_AGGRESSIVE;
				CLANG_CXX_LANGUAGE_STANDARD = "gnu++20";
				CLANG_ENABLE_MODULES = YES;
				CLANG_ENABLE_OBJC_ARC = YES;
				CLANG_ENABLE_OBJC_WEAK = YES;
				CLANG_WARN_BLOCK_CAPTURE_AUTORELEASING = YES;
				CLANG_WARN_BOOL_CONVERSION = YES;
				CLANG_WARN_COMMA = YES;
				CLANG_WARN_CONSTANT_CONVERSION = YES;
				CLANG_WARN_DEPRECATED_OBJC_IMPLEMENTATIONS = YES;
				CLANG_WARN_DIRECT_OBJC_ISA_USAGE = YES_ERROR;
				CLANG_WARN_DOCUMENTATION_COMMENTS = YES;
				CLANG_WARN_EMPTY_BODY = YES;
				CLANG_WARN_ENUM_CONVERSION = YES;
				CLANG_WARN_INFINITE_RECURSION = YES;
				CLANG_WARN_INT_CONVERSION = YES;
				CLANG_WARN_NON_LITERAL_NULL_CONVERSION = YES;
				CLANG_WARN_OBJC_IMPLICIT_RETAIN_SELF = YES;
				CLANG_WARN_OBJC_LITERAL_CONVERSION = YES;
				CLANG_WARN_OBJC_ROOT_CLASS = YES_ERROR;
				CLANG_WARN_QUOTED_INCLUDE_IN_FRAMEWORK_HEADER = YES;
				CLANG_WARN_RANGE_LOOP_ANALYSIS = YES;
				CLANG_WARN_STRICT_PROTOTYPES = YES;
				CLANG_WARN_SUSPICIOUS_MOVE = YES;
				CLANG_WARN_UNGUARDED_AVAILABILITY = YES_AGGRESSIVE;
				CLANG_WARN_UNREACHABLE_CODE = YES;
				CLANG_WARN__DUPLICATE_METHOD_MATCH = YES;
				COPY_PHASE_STRIP = NO;
				DEBUG_INFORMATION_FORMAT = dwarf;
				ENABLE_STRICT_OBJC_MSGSEND = YES;
				ENABLE_TESTABILITY = YES;
				ENABLE_USER_SCRIPT_SANDBOXING = YES;
				GCC_C_LANGUAGE_STANDARD = gnu17;
				GCC_DYNAMIC_NO_PIC = NO;
				GCC_NO_COMMON_BLOCKS = YES;
				GCC_OPTIMIZATION_LEVEL = 0;
				GCC_PREPROCESSOR_DEFINITIONS = (
					"DEBUG=1",
					"$(inherited)",
				);
				GCC_WARN_64_TO_32_BIT_CONVERSION = YES;
				GCC_WARN_ABOUT_RETURN_TYPE = YES_ERROR;
				GCC_WARN_UNDECLARED_SELECTOR = YES;
				GCC_WARN_UNINITIALIZED_AUTOS = YES_AGGRESSIVE;
				GCC_WARN_UNUSED_FUNCTION = YES;
				GCC_WARN_UNUSED_VARIABLE = YES;
				IPHONEOS_DEPLOYMENT_TARGET = 17.0;
				LOCALIZATION_PREFERS_STRING_CATALOGS = YES;
				MTL_ENABLE_DEBUG_INFO = INCLUDE_SOURCE;
				MTL_FAST_MATH = YES;
				ONLY_ACTIVE_ARCH = YES;
				SDKROOT = iphoneos;
				SWIFT_ACTIVE_COMPILATION_CONDITIONS = "DEBUG $(inherited)";
				SWIFT_OPTIMIZATION_LEVEL = "-Onone";
			};
			name = Debug;
		};
		092EE92E2B969248005AB56C /* Release */ = {
			isa = XCBuildConfiguration;
			buildSettings = {
				ALWAYS_SEARCH_USER_PATHS = NO;
				ASSETCATALOG_COMPILER_GENERATE_SWIFT_ASSET_SYMBOL_EXTENSIONS = YES;
				CLANG_ANALYZER_NONNULL = YES;
				CLANG_ANALYZER_NUMBER_OBJECT_CONVERSION = YES_AGGRESSIVE;
				CLANG_CXX_LANGUAGE_STANDARD = "gnu++20";
				CLANG_ENABLE_MODULES = YES;
				CLANG_ENABLE_OBJC_ARC = YES;
				CLANG_ENABLE_OBJC_WEAK = YES;
				CLANG_WARN_BLOCK_CAPTURE_AUTORELEASING = YES;
				CLANG_WARN_BOOL_CONVERSION = YES;
				CLANG_WARN_COMMA = YES;
				CLANG_WARN_CONSTANT_CONVERSION = YES;
				CLANG_WARN_DEPRECATED_OBJC_IMPLEMENTATIONS = YES;
				CLANG_WARN_DIRECT_OBJC_ISA_USAGE = YES_ERROR;
				CLANG_WARN_DOCUMENTATION_COMMENTS = YES;
				CLANG_WARN_EMPTY_BODY = YES;
				CLANG_WARN_ENUM_CONVERSION = YES;
				CLANG_WARN_INFINITE_RECURSION = YES;
				CLANG_WARN_INT_CONVERSION = YES;
				CLANG_WARN_NON_LITERAL_NULL_CONVERSION = YES;
				CLANG_WARN_OBJC_IMPLICIT_RETAIN_SELF = YES;
				CLANG_WARN_OBJC_LITERAL_CONVERSION = YES;
				CLANG_WARN_OBJC_ROOT_CLASS = YES_ERROR;
				CLANG_WARN_QUOTED_INCLUDE_IN_FRAMEWORK_HEADER = YES;
				CLANG_WARN_RANGE_LOOP_ANALYSIS = YES;
				CLANG_WARN_STRICT_PROTOTYPES = YES;
				CLANG_WARN_SUSPICIOUS_MOVE = YES;
				CLANG_WARN_UNGUARDED_AVAILABILITY = YES_AGGRESSIVE;
				CLANG_WARN_UNREACHABLE_CODE = YES;
				CLANG_WARN__DUPLICATE_METHOD_MATCH = YES;
				COPY_PHASE_STRIP = NO;
				DEBUG_INFORMATION_FORMAT = "dwarf-with-dsym";
				ENABLE_NS_ASSERTIONS = NO;
				ENABLE_STRICT_OBJC_MSGSEND = YES;
				ENABLE_USER_SCRIPT_SANDBOXING = YES;
				GCC_C_LANGUAGE_STANDARD = gnu17;
				GCC_NO_COMMON_BLOCKS = YES;
				GCC_WARN_64_TO_32_BIT_CONVERSION = YES;
				GCC_WARN_ABOUT_RETURN_TYPE = YES_ERROR;
				GCC_WARN_UNDECLARED_SELECTOR = YES;
				GCC_WARN_UNINITIALIZED_AUTOS = YES_AGGRESSIVE;
				GCC_WARN_UNUSED_FUNCTION = YES;
				GCC_WARN_UNUSED_VARIABLE = YES;
				IPHONEOS_DEPLOYMENT_TARGET = 17.0;
				LOCALIZATION_PREFERS_STRING_CATALOGS = YES;
				MTL_ENABLE_DEBUG_INFO = NO;
				MTL_FAST_MATH = YES;
				SDKROOT = iphoneos;
				SWIFT_COMPILATION_MODE = wholemodule;
				VALIDATE_PRODUCT = YES;
			};
			name = Release;
		};
		092EE9302B969248005AB56C /* Debug */ = {
			isa = XCBuildConfiguration;
			baseConfigurationReference = 550D322CE9F0FC6EC6B2C3F0 /* Pods-AsyncInterface.debug.xcconfig */;
			buildSettings = {
				ASSETCATALOG_COMPILER_APPICON_NAME = AppIcon;
				ASSETCATALOG_COMPILER_GLOBAL_ACCENT_COLOR_NAME = AccentColor;
				CODE_SIGN_STYLE = Automatic;
				CURRENT_PROJECT_VERSION = 1;
				DEVELOPMENT_TEAM = 85JQGU3JU9;
				ENABLE_USER_SCRIPT_SANDBOXING = NO;
				GENERATE_INFOPLIST_FILE = YES;
				INFOPLIST_FILE = AsyncInterface/Info.plist;
				INFOPLIST_KEY_UIApplicationSupportsIndirectInputEvents = YES;
				INFOPLIST_KEY_UILaunchStoryboardName = LaunchScreen;
				INFOPLIST_KEY_UIMainStoryboardFile = Main;
				INFOPLIST_KEY_UISupportedInterfaceOrientations = UIInterfaceOrientationPortrait;
				INFOPLIST_KEY_UISupportedInterfaceOrientations_iPad = "UIInterfaceOrientationLandscapeLeft UIInterfaceOrientationLandscapeRight UIInterfaceOrientationPortrait UIInterfaceOrientationPortraitUpsideDown";
				IPHONEOS_DEPLOYMENT_TARGET = 14.0;
				LD_RUNPATH_SEARCH_PATHS = (
					"$(inherited)",
					"@executable_path/Frameworks",
				);
				MARKETING_VERSION = 1.0;
				PRODUCT_BUNDLE_IDENTIFIER = com.develop.chanho.AsyncInterface;
				PRODUCT_NAME = "$(TARGET_NAME)";
				SUPPORTED_PLATFORMS = "iphoneos iphonesimulator";
				SUPPORTS_MACCATALYST = NO;
				SUPPORTS_MAC_DESIGNED_FOR_IPHONE_IPAD = NO;
				SWIFT_EMIT_LOC_STRINGS = YES;
				SWIFT_VERSION = 5.0;
				TARGETED_DEVICE_FAMILY = 1;
			};
			name = Debug;
		};
		092EE9312B969248005AB56C /* Release */ = {
			isa = XCBuildConfiguration;
			baseConfigurationReference = A66E5711EEFA9E54776DE5EF /* Pods-AsyncInterface.release.xcconfig */;
			buildSettings = {
				ASSETCATALOG_COMPILER_APPICON_NAME = AppIcon;
				ASSETCATALOG_COMPILER_GLOBAL_ACCENT_COLOR_NAME = AccentColor;
				CODE_SIGN_STYLE = Automatic;
				CURRENT_PROJECT_VERSION = 1;
				DEVELOPMENT_TEAM = 85JQGU3JU9;
				ENABLE_USER_SCRIPT_SANDBOXING = NO;
				GENERATE_INFOPLIST_FILE = YES;
				INFOPLIST_FILE = AsyncInterface/Info.plist;
				INFOPLIST_KEY_UIApplicationSupportsIndirectInputEvents = YES;
				INFOPLIST_KEY_UILaunchStoryboardName = LaunchScreen;
				INFOPLIST_KEY_UIMainStoryboardFile = Main;
				INFOPLIST_KEY_UISupportedInterfaceOrientations = UIInterfaceOrientationPortrait;
				INFOPLIST_KEY_UISupportedInterfaceOrientations_iPad = "UIInterfaceOrientationLandscapeLeft UIInterfaceOrientationLandscapeRight UIInterfaceOrientationPortrait UIInterfaceOrientationPortraitUpsideDown";
				IPHONEOS_DEPLOYMENT_TARGET = 14.0;
				LD_RUNPATH_SEARCH_PATHS = (
					"$(inherited)",
					"@executable_path/Frameworks",
				);
				MARKETING_VERSION = 1.0;
				PRODUCT_BUNDLE_IDENTIFIER = com.develop.chanho.AsyncInterface;
				PRODUCT_NAME = "$(TARGET_NAME)";
				SUPPORTED_PLATFORMS = "iphoneos iphonesimulator";
				SUPPORTS_MACCATALYST = NO;
				SUPPORTS_MAC_DESIGNED_FOR_IPHONE_IPAD = NO;
				SWIFT_EMIT_LOC_STRINGS = YES;
				SWIFT_VERSION = 5.0;
				TARGETED_DEVICE_FAMILY = 1;
			};
			name = Release;
		};
/* End XCBuildConfiguration section */

/* Begin XCConfigurationList section */
		092EE9162B969247005AB56C /* Build configuration list for PBXProject "AsyncInterface" */ = {
			isa = XCConfigurationList;
			buildConfigurations = (
				092EE92D2B969248005AB56C /* Debug */,
				092EE92E2B969248005AB56C /* Release */,
			);
			defaultConfigurationIsVisible = 0;
			defaultConfigurationName = Release;
		};
		092EE92F2B969248005AB56C /* Build configuration list for PBXNativeTarget "AsyncInterface" */ = {
			isa = XCConfigurationList;
			buildConfigurations = (
				092EE9302B969248005AB56C /* Debug */,
				092EE9312B969248005AB56C /* Release */,
			);
			defaultConfigurationIsVisible = 0;
			defaultConfigurationName = Release;
		};
/* End XCConfigurationList section */
	};
	rootObject = 092EE9132B969247005AB56C /* Project object */;
}
